
Microsoft Visual Studio Solution File, Format Version 12.00
# Visual Studio 15
VisualStudioVersion = 15.0.26730.12
MinimumVisualStudioVersion = 10.0.40219.1
Project("{9A19103F-16F7-4668-BE54-9A1E7A4F7556}") = "TowerDefense.Startup", "TowerDefense.Startup\TowerDefense.Startup.csproj", "{71B14A0B-1B2B-4637-B6BC-E8F4FF0F834D}"
EndProject
Project("{9A19103F-16F7-4668-BE54-9A1E7A4F7556}") = "TowerDefense.Source", "TowerDefense.Source\TowerDefense.Source.csproj", "{788E081E-EC51-4990-8833-17D8DDA567F0}"
EndProject
Project("{FAE04EC0-301F-11D3-BF4B-00C04F79EFBC}") = "TowerDefense.UI", "TowerDefense.UI\TowerDefense.UI.csproj", "{EF1B4A59-F268-4C8A-837B-CBC5F0114E8B}"
EndProject
Project("{9A19103F-16F7-4668-BE54-9A1E7A4F7556}") = "TowerDefense.GameEngine", "TowerDefense.GameEngine\TowerDefense.GameEngine.csproj", "{BA73C868-C751-4B93-938F-B8779ABF4CB3}"
EndProject
Global
	GlobalSection(SolutionConfigurationPlatforms) = preSolution
		Debug|Any CPU = Debug|Any CPU
		Release|Any CPU = Release|Any CPU
	EndGlobalSection
	GlobalSection(ProjectConfigurationPlatforms) = postSolution
		{71B14A0B-1B2B-4637-B6BC-E8F4FF0F834D}.Debug|Any CPU.ActiveCfg = Debug|Any CPU
		{71B14A0B-1B2B-4637-B6BC-E8F4FF0F834D}.Debug|Any CPU.Build.0 = Debug|Any CPU
		{71B14A0B-1B2B-4637-B6BC-E8F4FF0F834D}.Release|Any CPU.ActiveCfg = Release|Any CPU
		{71B14A0B-1B2B-4637-B6BC-E8F4FF0F834D}.Release|Any CPU.Build.0 = Release|Any CPU
		{788E081E-EC51-4990-8833-17D8DDA567F0}.Debug|Any CPU.ActiveCfg = Debug|Any CPU
		{788E081E-EC51-4990-8833-17D8DDA567F0}.Debug|Any CPU.Build.0 = Debug|Any CPU
		{788E081E-EC51-4990-8833-17D8DDA567F0}.Release|Any CPU.ActiveCfg = Release|Any CPU
		{788E081E-EC51-4990-8833-17D8DDA567F0}.Release|Any CPU.Build.0 = Release|Any CPU
		{EF1B4A59-F268-4C8A-837B-CBC5F0114E8B}.Debug|Any CPU.ActiveCfg = Debug|Any CPU
		{EF1B4A59-F268-4C8A-837B-CBC5F0114E8B}.Debug|Any CPU.Build.0 = Debug|Any CPU
		{EF1B4A59-F268-4C8A-837B-CBC5F0114E8B}.Release|Any CPU.ActiveCfg = Release|Any CPU
		{EF1B4A59-F268-4C8A-837B-CBC5F0114E8B}.Release|Any CPU.Build.0 = Release|Any CPU
		{BA73C868-C751-4B93-938F-B8779ABF4CB3}.Debug|Any CPU.ActiveCfg = Debug|Any CPU
		{BA73C868-C751-4B93-938F-B8779ABF4CB3}.Debug|Any CPU.Build.0 = Debug|Any CPU
		{BA73C868-C751-4B93-938F-B8779ABF4CB3}.Release|Any CPU.ActiveCfg = Release|Any CPU
		{BA73C868-C751-4B93-938F-B8779ABF4CB3}.Release|Any CPU.Build.0 = Release|Any CPU
	EndGlobalSection
	GlobalSection(SolutionProperties) = preSolution
		HideSolutionNode = FALSE
	EndGlobalSection
	GlobalSection(ExtensibilityGlobals) = postSolution
		SolutionGuid = {50BF45DF-584F-484D-8219-CE8DB1D16460}
	EndGlobalSection
EndGlobal
